
Microsoft Visual Studio Solution File, Format Version 12.00
# Visual Studio Version 17
VisualStudioVersion = 17.7.34202.233
MinimumVisualStudioVersion = 10.0.40219.1
Project("{FAE04EC0-301F-11D3-BF4B-00C04F79EFBC}") = "Visual1", "Visual1\Visual1.csproj", "{C5D7ACCF-0F6F-46B2-B520-FBA191294FD0}"
EndProject
Global
	GlobalSection(SolutionConfigurationPlatforms) = preSolution
		Debug|Any CPU = Debug|Any CPU
		Release|Any CPU = Release|Any CPU
	EndGlobalSection
	GlobalSection(ProjectConfigurationPlatforms) = postSolution
		{C5D7ACCF-0F6F-46B2-B520-FBA191294FD0}.Debug|Any CPU.ActiveCfg = Debug|Any CPU
		{C5D7ACCF-0F6F-46B2-B520-FBA191294FD0}.Debug|Any CPU.Build.0 = Debug|Any CPU
		{C5D7ACCF-0F6F-46B2-B520-FBA191294FD0}.Release|Any CPU.ActiveCfg = Release|Any CPU
		{C5D7ACCF-0F6F-46B2-B520-FBA191294FD0}.Release|Any CPU.Build.0 = Release|Any CPU
	EndGlobalSection
	GlobalSection(SolutionProperties) = preSolution
		HideSolutionNode = FALSE
	EndGlobalSection
	GlobalSection(ExtensibilityGlobals) = postSolution
		SolutionGuid = {CE58EF41-CD7D-4F80-A636-607316C1912B}
	EndGlobalSection
EndGlobal
